
Microsoft Visual Studio Solution File, Format Version 12.00
Project("{FAE04EC0-301F-11D3-BF4B-00C04F79EFBC}") = "MealTicketManagement.Api", "MealTicketManagement.Api\MealTicketManagement.Api.csproj", "{CA2E7823-4124-421F-B34B-6AA655B696C8}"
EndProject
Project("{FAE04EC0-301F-11D3-BF4B-00C04F79EFBC}") = "MealTicketManagement.Domain", "MealTicketManagement.Domain\MealTicketManagement.Domain.csproj", "{758002DF-38E0-4CFB-B5DB-5181E3182D36}"
EndProject
Project("{FAE04EC0-301F-11D3-BF4B-00C04F79EFBC}") = "MealTicketManagement.Application", "MealTicketManagement.Application\MealTicketManagement.Application.csproj", "{2747D773-3722-45E5-91C9-660AF82CCFF2}"
EndProject
Project("{FAE04EC0-301F-11D3-BF4B-00C04F79EFBC}") = "MealTicketManagement.Infrastructure", "MealTicketManagement.Infrastructure\MealTicketManagement.Infrastructure.csproj", "{054556EC-8E17-4D4A-8629-0353C42BC6D9}"
EndProject
Project("{FAE04EC0-301F-11D3-BF4B-00C04F79EFBC}") = "MealTicketManagement.Tests", "MealTicketManagement.Tests\MealTicketManagement.Tests.csproj", "{C8773BB3-8863-4CFB-87F3-71945CD17DDF}"
EndProject
Global
	GlobalSection(SolutionConfigurationPlatforms) = preSolution
		Debug|Any CPU = Debug|Any CPU
		Release|Any CPU = Release|Any CPU
	EndGlobalSection
	GlobalSection(ProjectConfigurationPlatforms) = postSolution
		{CA2E7823-4124-421F-B34B-6AA655B696C8}.Debug|Any CPU.ActiveCfg = Debug|Any CPU
		{CA2E7823-4124-421F-B34B-6AA655B696C8}.Debug|Any CPU.Build.0 = Debug|Any CPU
		{CA2E7823-4124-421F-B34B-6AA655B696C8}.Release|Any CPU.ActiveCfg = Release|Any CPU
		{CA2E7823-4124-421F-B34B-6AA655B696C8}.Release|Any CPU.Build.0 = Release|Any CPU
		{758002DF-38E0-4CFB-B5DB-5181E3182D36}.Debug|Any CPU.ActiveCfg = Debug|Any CPU
		{758002DF-38E0-4CFB-B5DB-5181E3182D36}.Debug|Any CPU.Build.0 = Debug|Any CPU
		{758002DF-38E0-4CFB-B5DB-5181E3182D36}.Release|Any CPU.ActiveCfg = Release|Any CPU
		{758002DF-38E0-4CFB-B5DB-5181E3182D36}.Release|Any CPU.Build.0 = Release|Any CPU
		{2747D773-3722-45E5-91C9-660AF82CCFF2}.Debug|Any CPU.ActiveCfg = Debug|Any CPU
		{2747D773-3722-45E5-91C9-660AF82CCFF2}.Debug|Any CPU.Build.0 = Debug|Any CPU
		{2747D773-3722-45E5-91C9-660AF82CCFF2}.Release|Any CPU.ActiveCfg = Release|Any CPU
		{2747D773-3722-45E5-91C9-660AF82CCFF2}.Release|Any CPU.Build.0 = Release|Any CPU
		{054556EC-8E17-4D4A-8629-0353C42BC6D9}.Debug|Any CPU.ActiveCfg = Debug|Any CPU
		{054556EC-8E17-4D4A-8629-0353C42BC6D9}.Debug|Any CPU.Build.0 = Debug|Any CPU
		{054556EC-8E17-4D4A-8629-0353C42BC6D9}.Release|Any CPU.ActiveCfg = Release|Any CPU
		{054556EC-8E17-4D4A-8629-0353C42BC6D9}.Release|Any CPU.Build.0 = Release|Any CPU
		{C8773BB3-8863-4CFB-87F3-71945CD17DDF}.Debug|Any CPU.ActiveCfg = Debug|Any CPU
		{C8773BB3-8863-4CFB-87F3-71945CD17DDF}.Debug|Any CPU.Build.0 = Debug|Any CPU
		{C8773BB3-8863-4CFB-87F3-71945CD17DDF}.Release|Any CPU.ActiveCfg = Release|Any CPU
		{C8773BB3-8863-4CFB-87F3-71945CD17DDF}.Release|Any CPU.Build.0 = Release|Any CPU
	EndGlobalSection
EndGlobal
